// !$*UTF8*$!
{
	archiveVersion = 1;
	classes = {
	};
	objectVersion = 55;
	objects = {

/* Begin PBXBuildFile section */
		3230A75E2832C3AA006DB4D0 /* HomeVC.swift in Sources */ = {isa = PBXBuildFile; fileRef = 3230A75D2832C3AA006DB4D0 /* HomeVC.swift */; };
		3230A7602832C415006DB4D0 /* ViewNotesVC.swift in Sources */ = {isa = PBXBuildFile; fileRef = 3230A75F2832C415006DB4D0 /* ViewNotesVC.swift */; };
		3230A7622832C440006DB4D0 /* CreateNotesVC.swift in Sources */ = {isa = PBXBuildFile; fileRef = 3230A7612832C440006DB4D0 /* CreateNotesVC.swift */; };
		3230A7642832C738006DB4D0 /* NetworkManager.swift in Sources */ = {isa = PBXBuildFile; fileRef = 3230A7632832C738006DB4D0 /* NetworkManager.swift */; };
		3230A76B2832C7E9006DB4D0 /* NotesCVCellCollectionViewCell.swift in Sources */ = {isa = PBXBuildFile; fileRef = 3230A7692832C7E9006DB4D0 /* NotesCVCellCollectionViewCell.swift */; };
		3230A76C2832C7E9006DB4D0 /* NotesCVCellCollectionViewCell.xib in Resources */ = {isa = PBXBuildFile; fileRef = 3230A76A2832C7E9006DB4D0 /* NotesCVCellCollectionViewCell.xib */; };
		32737792283401F500A75C7A /* NotesModel.swift in Sources */ = {isa = PBXBuildFile; fileRef = 32737791283401F500A75C7A /* NotesModel.swift */; };
		3276BA642831814B004D4B93 /* AppDelegate.swift in Sources */ = {isa = PBXBuildFile; fileRef = 3276BA632831814B004D4B93 /* AppDelegate.swift */; };
		3276BA662831814B004D4B93 /* SceneDelegate.swift in Sources */ = {isa = PBXBuildFile; fileRef = 3276BA652831814B004D4B93 /* SceneDelegate.swift */; };
		3276BA6B2831814B004D4B93 /* Main.storyboard in Resources */ = {isa = PBXBuildFile; fileRef = 3276BA692831814B004D4B93 /* Main.storyboard */; };
		3276BA6E2831814B004D4B93 /* ZOHO_Notes.xcdatamodeld in Sources */ = {isa = PBXBuildFile; fileRef = 3276BA6C2831814B004D4B93 /* ZOHO_Notes.xcdatamodeld */; };
		3276BA702831814D004D4B93 /* Assets.xcassets in Resources */ = {isa = PBXBuildFile; fileRef = 3276BA6F2831814D004D4B93 /* Assets.xcassets */; };
		3276BA732831814D004D4B93 /* LaunchScreen.storyboard in Resources */ = {isa = PBXBuildFile; fileRef = 3276BA712831814D004D4B93 /* LaunchScreen.storyboard */; };
		32B51A112834FDF300E08624 /* NotesLocalData+CoreDataClass.swift in Sources */ = {isa = PBXBuildFile; fileRef = 32B51A0F2834FDF300E08624 /* NotesLocalData+CoreDataClass.swift */; };
		32B51A122834FDF300E08624 /* NotesLocalData+CoreDataProperties.swift in Sources */ = {isa = PBXBuildFile; fileRef = 32B51A102834FDF300E08624 /* NotesLocalData+CoreDataProperties.swift */; };
		32B51A142835019E00E08624 /* persistanceService.swift in Sources */ = {isa = PBXBuildFile; fileRef = 32B51A132835019E00E08624 /* persistanceService.swift */; };
		E0CD24CFD0061DEA8C1480F3 /* Pods_ZOHO_Notes.framework in Frameworks */ = {isa = PBXBuildFile; fileRef = DC7B7C50AD50FA6FA7122DD5 /* Pods_ZOHO_Notes.framework */; };
/* End PBXBuildFile section */

/* Begin PBXFileReference section */
		3230A75D2832C3AA006DB4D0 /* HomeVC.swift */ = {isa = PBXFileReference; lastKnownFileType = sourcecode.swift; path = HomeVC.swift; sourceTree = "<group>"; };
		3230A75F2832C415006DB4D0 /* ViewNotesVC.swift */ = {isa = PBXFileReference; lastKnownFileType = sourcecode.swift; path = ViewNotesVC.swift; sourceTree = "<group>"; };
		3230A7612832C440006DB4D0 /* CreateNotesVC.swift */ = {isa = PBXFileReference; lastKnownFileType = sourcecode.swift; path = CreateNotesVC.swift; sourceTree = "<group>"; };
		3230A7632832C738006DB4D0 /* NetworkManager.swift */ = {isa = PBXFileReference; lastKnownFileType = sourcecode.swift; path = NetworkManager.swift; sourceTree = "<group>"; };
		3230A7692832C7E9006DB4D0 /* NotesCVCellCollectionViewCell.swift */ = {isa = PBXFileReference; lastKnownFileType = sourcecode.swift; path = NotesCVCellCollectionViewCell.swift; sourceTree = "<group>"; };
		3230A76A2832C7E9006DB4D0 /* NotesCVCellCollectionViewCell.xib */ = {isa = PBXFileReference; lastKnownFileType = file.xib; path = NotesCVCellCollectionViewCell.xib; sourceTree = "<group>"; };
		32737791283401F500A75C7A /* NotesModel.swift */ = {isa = PBXFileReference; lastKnownFileType = sourcecode.swift; path = NotesModel.swift; sourceTree = "<group>"; };
		3276BA602831814B004D4B93 /* ZOHO Notes.app */ = {isa = PBXFileReference; explicitFileType = wrapper.application; includeInIndex = 0; path = "ZOHO Notes.app"; sourceTree = BUILT_PRODUCTS_DIR; };
		3276BA632831814B004D4B93 /* AppDelegate.swift */ = {isa = PBXFileReference; lastKnownFileType = sourcecode.swift; path = AppDelegate.swift; sourceTree = "<group>"; };
		3276BA652831814B004D4B93 /* SceneDelegate.swift */ = {isa = PBXFileReference; lastKnownFileType = sourcecode.swift; path = SceneDelegate.swift; sourceTree = "<group>"; };
		3276BA6A2831814B004D4B93 /* Base */ = {isa = PBXFileReference; lastKnownFileType = file.storyboard; name = Base; path = Base.lproj/Main.storyboard; sourceTree = "<group>"; };
		3276BA6D2831814B004D4B93 /* ZOHO_Notes.xcdatamodel */ = {isa = PBXFileReference; lastKnownFileType = wrapper.xcdatamodel; path = ZOHO_Notes.xcdatamodel; sourceTree = "<group>"; };
		3276BA6F2831814D004D4B93 /* Assets.xcassets */ = {isa = PBXFileReference; lastKnownFileType = folder.assetcatalog; path = Assets.xcassets; sourceTree = "<group>"; };
		3276BA722831814D004D4B93 /* Base */ = {isa = PBXFileReference; lastKnownFileType = file.storyboard; name = Base; path = Base.lproj/LaunchScreen.storyboard; sourceTree = "<group>"; };
		3276BA742831814D004D4B93 /* Info.plist */ = {isa = PBXFileReference; lastKnownFileType = text.plist.xml; path = Info.plist; sourceTree = "<group>"; };
		32B51A0F2834FDF300E08624 /* NotesLocalData+CoreDataClass.swift */ = {isa = PBXFileReference; lastKnownFileType = sourcecode.swift; path = "NotesLocalData+CoreDataClass.swift"; sourceTree = SOURCE_ROOT; };
		32B51A102834FDF300E08624 /* NotesLocalData+CoreDataProperties.swift */ = {isa = PBXFileReference; lastKnownFileType = sourcecode.swift; path = "NotesLocalData+CoreDataProperties.swift"; sourceTree = SOURCE_ROOT; };
		32B51A132835019E00E08624 /* persistanceService.swift */ = {isa = PBXFileReference; lastKnownFileType = sourcecode.swift; path = persistanceService.swift; sourceTree = "<group>"; };
		3C6A8A35AE48EA857AF8A8D9 /* Pods-ZOHO Notes.debug.xcconfig */ = {isa = PBXFileReference; includeInIndex = 1; lastKnownFileType = text.xcconfig; name = "Pods-ZOHO Notes.debug.xcconfig"; path = "Target Support Files/Pods-ZOHO Notes/Pods-ZOHO Notes.debug.xcconfig"; sourceTree = "<group>"; };
		75885821243C731E1E9ADBC0 /* Pods-ZOHO Notes.release.xcconfig */ = {isa = PBXFileReference; includeInIndex = 1; lastKnownFileType = text.xcconfig; name = "Pods-ZOHO Notes.release.xcconfig"; path = "Target Support Files/Pods-ZOHO Notes/Pods-ZOHO Notes.release.xcconfig"; sourceTree = "<group>"; };
		DC7B7C50AD50FA6FA7122DD5 /* Pods_ZOHO_Notes.framework */ = {isa = PBXFileReference; explicitFileType = wrapper.framework; includeInIndex = 0; path = Pods_ZOHO_Notes.framework; sourceTree = BUILT_PRODUCTS_DIR; };
/* End PBXFileReference section */

/* Begin PBXFrameworksBuildPhase section */
		3276BA5D2831814B004D4B93 /* Frameworks */ = {
			isa = PBXFrameworksBuildPhase;
			buildActionMask = 2147483647;
			files = (
				E0CD24CFD0061DEA8C1480F3 /* Pods_ZOHO_Notes.framework in Frameworks */,
			);
			runOnlyForDeploymentPostprocessing = 0;
		};
/* End PBXFrameworksBuildPhase section */

/* Begin PBXGroup section */
		327377972834250C00A75C7A /* View Controllers */ = {
			isa = PBXGroup;
			children = (
				3230A75D2832C3AA006DB4D0 /* HomeVC.swift */,
				3230A75F2832C415006DB4D0 /* ViewNotesVC.swift */,
				3230A7612832C440006DB4D0 /* CreateNotesVC.swift */,
				3230A7692832C7E9006DB4D0 /* NotesCVCellCollectionViewCell.swift */,
				3230A76A2832C7E9006DB4D0 /* NotesCVCellCollectionViewCell.xib */,
			);
			path = "View Controllers";
			sourceTree = "<group>";
		};
		327377982834254B00A75C7A /* Model */ = {
			isa = PBXGroup;
			children = (
				32B51A0F2834FDF300E08624 /* NotesLocalData+CoreDataClass.swift */,
				32B51A102834FDF300E08624 /* NotesLocalData+CoreDataProperties.swift */,
				32737791283401F500A75C7A /* NotesModel.swift */,
				32B51A132835019E00E08624 /* persistanceService.swift */,
			);
			path = Model;
			sourceTree = "<group>";
		};
		3276BA572831814B004D4B93 = {
			isa = PBXGroup;
			children = (
				3276BA622831814B004D4B93 /* ZOHO Notes */,
				3276BA612831814B004D4B93 /* Products */,
				383B52BD1D2F932312335BD1 /* Pods */,
				9381872E9008D9E160E69B63 /* Frameworks */,
			);
			sourceTree = "<group>";
		};
		3276BA612831814B004D4B93 /* Products */ = {
			isa = PBXGroup;
			children = (
				3276BA602831814B004D4B93 /* ZOHO Notes.app */,
			);
			name = Products;
			sourceTree = "<group>";
		};
		3276BA622831814B004D4B93 /* ZOHO Notes */ = {
			isa = PBXGroup;
			children = (
				327377982834254B00A75C7A /* Model */,
				327377972834250C00A75C7A /* View Controllers */,
				3276BA632831814B004D4B93 /* AppDelegate.swift */,
				3276BA652831814B004D4B93 /* SceneDelegate.swift */,
				3276BA692831814B004D4B93 /* Main.storyboard */,
				3276BA6F2831814D004D4B93 /* Assets.xcassets */,
				3276BA712831814D004D4B93 /* LaunchScreen.storyboard */,
				3276BA742831814D004D4B93 /* Info.plist */,
				3276BA6C2831814B004D4B93 /* ZOHO_Notes.xcdatamodeld */,
				3230A7632832C738006DB4D0 /* NetworkManager.swift */,
			);
			path = "ZOHO Notes";
			sourceTree = "<group>";
		};
		383B52BD1D2F932312335BD1 /* Pods */ = {
			isa = PBXGroup;
			children = (
				3C6A8A35AE48EA857AF8A8D9 /* Pods-ZOHO Notes.debug.xcconfig */,
				75885821243C731E1E9ADBC0 /* Pods-ZOHO Notes.release.xcconfig */,
			);
			path = Pods;
			sourceTree = "<group>";
		};
		9381872E9008D9E160E69B63 /* Frameworks */ = {
			isa = PBXGroup;
			children = (
				DC7B7C50AD50FA6FA7122DD5 /* Pods_ZOHO_Notes.framework */,
			);
			name = Frameworks;
			sourceTree = "<group>";
		};
/* End PBXGroup section */

/* Begin PBXNativeTarget section */
		3276BA5F2831814B004D4B93 /* ZOHO Notes */ = {
			isa = PBXNativeTarget;
			buildConfigurationList = 3276BA772831814D004D4B93 /* Build configuration list for PBXNativeTarget "ZOHO Notes" */;
			buildPhases = (
				548246A5D69CE657A3CDB441 /* [CP] Check Pods Manifest.lock */,
				3276BA5C2831814B004D4B93 /* Sources */,
				3276BA5D2831814B004D4B93 /* Frameworks */,
				3276BA5E2831814B004D4B93 /* Resources */,
				C0C78E42403B66A9EE86BC1A /* [CP] Embed Pods Frameworks */,
			);
			buildRules = (
			);
			dependencies = (
			);
			name = "ZOHO Notes";
			productName = "ZOHO Notes";
			productReference = 3276BA602831814B004D4B93 /* ZOHO Notes.app */;
			productType = "com.apple.product-type.application";
		};
/* End PBXNativeTarget section */

/* Begin PBXProject section */
		3276BA582831814B004D4B93 /* Project object */ = {
			isa = PBXProject;
			attributes = {
				BuildIndependentTargetsInParallel = 1;
				LastSwiftUpdateCheck = 1330;
				LastUpgradeCheck = 1330;
				TargetAttributes = {
					3276BA5F2831814B004D4B93 = {
						CreatedOnToolsVersion = 13.3.1;
					};
				};
			};
			buildConfigurationList = 3276BA5B2831814B004D4B93 /* Build configuration list for PBXProject "ZOHO Notes" */;
			compatibilityVersion = "Xcode 13.0";
			developmentRegion = en;
			hasScannedForEncodings = 0;
			knownRegions = (
				en,
				Base,
			);
			mainGroup = 3276BA572831814B004D4B93;
			productRefGroup = 3276BA612831814B004D4B93 /* Products */;
			projectDirPath = "";
			projectRoot = "";
			targets = (
				3276BA5F2831814B004D4B93 /* ZOHO Notes */,
			);
		};
/* End PBXProject section */

/* Begin PBXResourcesBuildPhase section */
		3276BA5E2831814B004D4B93 /* Resources */ = {
			isa = PBXResourcesBuildPhase;
			buildActionMask = 2147483647;
			files = (
				3276BA732831814D004D4B93 /* LaunchScreen.storyboard in Resources */,
				3230A76C2832C7E9006DB4D0 /* NotesCVCellCollectionViewCell.xib in Resources */,
				3276BA702831814D004D4B93 /* Assets.xcassets in Resources */,
				3276BA6B2831814B004D4B93 /* Main.storyboard in Resources */,
			);
			runOnlyForDeploymentPostprocessing = 0;
		};
/* End PBXResourcesBuildPhase section */

/* Begin PBXShellScriptBuildPhase section */
		548246A5D69CE657A3CDB441 /* [CP] Check Pods Manifest.lock */ = {
			isa = PBXShellScriptBuildPhase;
			buildActionMask = 2147483647;
			files = (
			);
			inputFileListPaths = (
			);
			inputPaths = (
				"${PODS_PODFILE_DIR_PATH}/Podfile.lock",
				"${PODS_ROOT}/Manifest.lock",
			);
			name = "[CP] Check Pods Manifest.lock";
			outputFileListPaths = (
			);
			outputPaths = (
				"$(DERIVED_FILE_DIR)/Pods-ZOHO Notes-checkManifestLockResult.txt",
			);
			runOnlyForDeploymentPostprocessing = 0;
			shellPath = /bin/sh;
			shellScript = "diff \"${PODS_PODFILE_DIR_PATH}/Podfile.lock\" \"${PODS_ROOT}/Manifest.lock\" > /dev/null\nif [ $? != 0 ] ; then\n    # print error to STDERR\n    echo \"error: The sandbox is not in sync with the Podfile.lock. Run 'pod install' or update your CocoaPods installation.\" >&2\n    exit 1\nfi\n# This output is used by Xcode 'outputs' to avoid re-running this script phase.\necho \"SUCCESS\" > \"${SCRIPT_OUTPUT_FILE_0}\"\n";
			showEnvVarsInLog = 0;
		};
		C0C78E42403B66A9EE86BC1A /* [CP] Embed Pods Frameworks */ = {
			isa = PBXShellScriptBuildPhase;
			buildActionMask = 2147483647;
			files = (
			);
			inputFileListPaths = (
				"${PODS_ROOT}/Target Support Files/Pods-ZOHO Notes/Pods-ZOHO Notes-frameworks-${CONFIGURATION}-input-files.xcfilelist",
			);
			name = "[CP] Embed Pods Frameworks";
			outputFileListPaths = (
				"${PODS_ROOT}/Target Support Files/Pods-ZOHO Notes/Pods-ZOHO Notes-frameworks-${CONFIGURATION}-output-files.xcfilelist",
			);
			runOnlyForDeploymentPostprocessing = 0;
			shellPath = /bin/sh;
			shellScript = "\"${PODS_ROOT}/Target Support Files/Pods-ZOHO Notes/Pods-ZOHO Notes-frameworks.sh\"\n";
			showEnvVarsInLog = 0;
		};
/* End PBXShellScriptBuildPhase section */

/* Begin PBXSourcesBuildPhase section */
		3276BA5C2831814B004D4B93 /* Sources */ = {
			isa = PBXSourcesBuildPhase;
			buildActionMask = 2147483647;
			files = (
				3230A7622832C440006DB4D0 /* CreateNotesVC.swift in Sources */,
				32737792283401F500A75C7A /* NotesModel.swift in Sources */,
				32B51A122834FDF300E08624 /* NotesLocalData+CoreDataProperties.swift in Sources */,
				3230A75E2832C3AA006DB4D0 /* HomeVC.swift in Sources */,
				3230A7642832C738006DB4D0 /* NetworkManager.swift in Sources */,
				3276BA642831814B004D4B93 /* AppDelegate.swift in Sources */,
				3276BA662831814B004D4B93 /* SceneDelegate.swift in Sources */,
				32B51A112834FDF300E08624 /* NotesLocalData+CoreDataClass.swift in Sources */,
				3230A76B2832C7E9006DB4D0 /* NotesCVCellCollectionViewCell.swift in Sources */,
				32B51A142835019E00E08624 /* persistanceService.swift in Sources */,
				3276BA6E2831814B004D4B93 /* ZOHO_Notes.xcdatamodeld in Sources */,
				3230A7602832C415006DB4D0 /* ViewNotesVC.swift in Sources */,
			);
			runOnlyForDeploymentPostprocessing = 0;
		};
/* End PBXSourcesBuildPhase section */

/* Begin PBXVariantGroup section */
		3276BA692831814B004D4B93 /* Main.storyboard */ = {
			isa = PBXVariantGroup;
			children = (
				3276BA6A2831814B004D4B93 /* Base */,
			);
			name = Main.storyboard;
			sourceTree = "<group>";
		};
		3276BA712831814D004D4B93 /* LaunchScreen.storyboard */ = {
			isa = PBXVariantGroup;
			children = (
				3276BA722831814D004D4B93 /* Base */,
			);
			name = LaunchScreen.storyboard;
			sourceTree = "<group>";
		};
/* End PBXVariantGroup section */

/* Begin XCBuildConfiguration section */
		3276BA752831814D004D4B93 /* Debug */ = {
			isa = XCBuildConfiguration;
			buildSettings = {
				ALWAYS_SEARCH_USER_PATHS = NO;
				CLANG_ANALYZER_NONNULL = YES;
				CLANG_ANALYZER_NUMBER_OBJECT_CONVERSION = YES_AGGRESSIVE;
				CLANG_CXX_LANGUAGE_STANDARD = "gnu++17";
				CLANG_ENABLE_MODULES = YES;
				CLANG_ENABLE_OBJC_ARC = YES;
				CLANG_ENABLE_OBJC_WEAK = YES;
				CLANG_WARN_BLOCK_CAPTURE_AUTORELEASING = YES;
				CLANG_WARN_BOOL_CONVERSION = YES;
				CLANG_WARN_COMMA = YES;
				CLANG_WARN_CONSTANT_CONVERSION = YES;
				CLANG_WARN_DEPRECATED_OBJC_IMPLEMENTATIONS = YES;
				CLANG_WARN_DIRECT_OBJC_ISA_USAGE = YES_ERROR;
				CLANG_WARN_DOCUMENTATION_COMMENTS = YES;
				CLANG_WARN_EMPTY_BODY = YES;
				CLANG_WARN_ENUM_CONVERSION = YES;
				CLANG_WARN_INFINITE_RECURSION = YES;
				CLANG_WARN_INT_CONVERSION = YES;
				CLANG_WARN_NON_LITERAL_NULL_CONVERSION = YES;
				CLANG_WARN_OBJC_IMPLICIT_RETAIN_SELF = YES;
				CLANG_WARN_OBJC_LITERAL_CONVERSION = YES;
				CLANG_WARN_OBJC_ROOT_CLASS = YES_ERROR;
				CLANG_WARN_QUOTED_INCLUDE_IN_FRAMEWORK_HEADER = YES;
				CLANG_WARN_RANGE_LOOP_ANALYSIS = YES;
				CLANG_WARN_STRICT_PROTOTYPES = YES;
				CLANG_WARN_SUSPICIOUS_MOVE = YES;
				CLANG_WARN_UNGUARDED_AVAILABILITY = YES_AGGRESSIVE;
				CLANG_WARN_UNREACHABLE_CODE = YES;
				CLANG_WARN__DUPLICATE_METHOD_MATCH = YES;
				COPY_PHASE_STRIP = NO;
				DEBUG_INFORMATION_FORMAT = dwarf;
				ENABLE_STRICT_OBJC_MSGSEND = YES;
				ENABLE_TESTABILITY = YES;
				GCC_C_LANGUAGE_STANDARD = gnu11;
				GCC_DYNAMIC_NO_PIC = NO;
				GCC_NO_COMMON_BLOCKS = YES;
				GCC_OPTIMIZATION_LEVEL = 0;
				GCC_PREPROCESSOR_DEFINITIONS = (
					"DEBUG=1",
					"$(inherited)",
				);
				GCC_WARN_64_TO_32_BIT_CONVERSION = YES;
				GCC_WARN_ABOUT_RETURN_TYPE = YES_ERROR;
				GCC_WARN_UNDECLARED_SELECTOR = YES;
				GCC_WARN_UNINITIALIZED_AUTOS = YES_AGGRESSIVE;
				GCC_WARN_UNUSED_FUNCTION = YES;
				GCC_WARN_UNUSED_VARIABLE = YES;
				IPHONEOS_DEPLOYMENT_TARGET = 15.4;
				MTL_ENABLE_DEBUG_INFO = INCLUDE_SOURCE;
				MTL_FAST_MATH = YES;
				ONLY_ACTIVE_ARCH = YES;
				SDKROOT = iphoneos;
				SWIFT_ACTIVE_COMPILATION_CONDITIONS = DEBUG;
				SWIFT_OPTIMIZATION_LEVEL = "-Onone";
			};
			name = Debug;
		};
		3276BA762831814D004D4B93 /* Release */ = {
			isa = XCBuildConfiguration;
			buildSettings = {
				ALWAYS_SEARCH_USER_PATHS = NO;
				CLANG_ANALYZER_NONNULL = YES;
				CLANG_ANALYZER_NUMBER_OBJECT_CONVERSION = YES_AGGRESSIVE;
				CLANG_CXX_LANGUAGE_STANDARD = "gnu++17";
				CLANG_ENABLE_MODULES = YES;
				CLANG_ENABLE_OBJC_ARC = YES;
				CLANG_ENABLE_OBJC_WEAK = YES;
				CLANG_WARN_BLOCK_CAPTURE_AUTORELEASING = YES;
				CLANG_WARN_BOOL_CONVERSION = YES;
				CLANG_WARN_COMMA = YES;
				CLANG_WARN_CONSTANT_CONVERSION = YES;
				CLANG_WARN_DEPRECATED_OBJC_IMPLEMENTATIONS = YES;
				CLANG_WARN_DIRECT_OBJC_ISA_USAGE = YES_ERROR;
				CLANG_WARN_DOCUMENTATION_COMMENTS = YES;
				CLANG_WARN_EMPTY_BODY = YES;
				CLANG_WARN_ENUM_CONVERSION = YES;
				CLANG_WARN_INFINITE_RECURSION = YES;
				CLANG_WARN_INT_CONVERSION = YES;
				CLANG_WARN_NON_LITERAL_NULL_CONVERSION = YES;
				CLANG_WARN_OBJC_IMPLICIT_RETAIN_SELF = YES;
				CLANG_WARN_OBJC_LITERAL_CONVERSION = YES;
				CLANG_WARN_OBJC_ROOT_CLASS = YES_ERROR;
				CLANG_WARN_QUOTED_INCLUDE_IN_FRAMEWORK_HEADER = YES;
				CLANG_WARN_RANGE_LOOP_ANALYSIS = YES;
				CLANG_WARN_STRICT_PROTOTYPES = YES;
				CLANG_WARN_SUSPICIOUS_MOVE = YES;
				CLANG_WARN_UNGUARDED_AVAILABILITY = YES_AGGRESSIVE;
				CLANG_WARN_UNREACHABLE_CODE = YES;
				CLANG_WARN__DUPLICATE_METHOD_MATCH = YES;
				COPY_PHASE_STRIP = NO;
				DEBUG_INFORMATION_FORMAT = "dwarf-with-dsym";
				ENABLE_NS_ASSERTIONS = NO;
				ENABLE_STRICT_OBJC_MSGSEND = YES;
				GCC_C_LANGUAGE_STANDARD = gnu11;
				GCC_NO_COMMON_BLOCKS = YES;
				GCC_WARN_64_TO_32_BIT_CONVERSION = YES;
				GCC_WARN_ABOUT_RETURN_TYPE = YES_ERROR;
				GCC_WARN_UNDECLARED_SELECTOR = YES;
				GCC_WARN_UNINITIALIZED_AUTOS = YES_AGGRESSIVE;
				GCC_WARN_UNUSED_FUNCTION = YES;
				GCC_WARN_UNUSED_VARIABLE = YES;
				IPHONEOS_DEPLOYMENT_TARGET = 15.4;
				MTL_ENABLE_DEBUG_INFO = NO;
				MTL_FAST_MATH = YES;
				SDKROOT = iphoneos;
				SWIFT_COMPILATION_MODE = wholemodule;
				SWIFT_OPTIMIZATION_LEVEL = "-O";
				VALIDATE_PRODUCT = YES;
			};
			name = Release;
		};
		3276BA782831814D004D4B93 /* Debug */ = {
			isa = XCBuildConfiguration;
			baseConfigurationReference = 3C6A8A35AE48EA857AF8A8D9 /* Pods-ZOHO Notes.debug.xcconfig */;
			buildSettings = {
				ASSETCATALOG_COMPILER_APPICON_NAME = AppIcon;
				ASSETCATALOG_COMPILER_GLOBAL_ACCENT_COLOR_NAME = AccentColor;
				CODE_SIGN_STYLE = Automatic;
				CURRENT_PROJECT_VERSION = 1;
				GENERATE_INFOPLIST_FILE = YES;
				INFOPLIST_FILE = "ZOHO Notes/Info.plist";
				INFOPLIST_KEY_CFBundleDisplayName = "ZOHO Notes";
				INFOPLIST_KEY_NSPhotoLibraryUsageDescription = abcd;
				INFOPLIST_KEY_UIApplicationSupportsIndirectInputEvents = YES;
				INFOPLIST_KEY_UILaunchStoryboardName = LaunchScreen;
				INFOPLIST_KEY_UIMainStoryboardFile = Main;
				INFOPLIST_KEY_UISupportedInterfaceOrientations_iPad = "UIInterfaceOrientationPortrait UIInterfaceOrientationPortraitUpsideDown UIInterfaceOrientationLandscapeLeft UIInterfaceOrientationLandscapeRight";
				INFOPLIST_KEY_UISupportedInterfaceOrientations_iPhone = "UIInterfaceOrientationPortrait UIInterfaceOrientationLandscapeLeft UIInterfaceOrientationLandscapeRight";
				IPHONEOS_DEPLOYMENT_TARGET = 13.0;
				LD_RUNPATH_SEARCH_PATHS = (
					"$(inherited)",
					"@executable_path/Frameworks",
				);
				MARKETING_VERSION = 1.0;
				PRODUCT_BUNDLE_IDENTIFIER = "com.sai.ZOHO-Notes";
				PRODUCT_NAME = "$(TARGET_NAME)";
				SWIFT_EMIT_LOC_STRINGS = YES;
				SWIFT_VERSION = 5.0;
				TARGETED_DEVICE_FAMILY = "1,2";
			};
			name = Debug;
		};
		3276BA792831814D004D4B93 /* Release */ = {
			isa = XCBuildConfiguration;
			baseConfigurationReference = 75885821243C731E1E9ADBC0 /* Pods-ZOHO Notes.release.xcconfig */;
			buildSettings = {
				ASSETCATALOG_COMPILER_APPICON_NAME = AppIcon;
				ASSETCATALOG_COMPILER_GLOBAL_ACCENT_COLOR_NAME = AccentColor;
				CODE_SIGN_STYLE = Automatic;
				CURRENT_PROJECT_VERSION = 1;
				GENERATE_INFOPLIST_FILE = YES;
				INFOPLIST_FILE = "ZOHO Notes/Info.plist";
				INFOPLIST_KEY_CFBundleDisplayName = "ZOHO Notes";
				INFOPLIST_KEY_NSPhotoLibraryUsageDescription = abcd;
				INFOPLIST_KEY_UIApplicationSupportsIndirectInputEvents = YES;
				INFOPLIST_KEY_UILaunchStoryboardName = LaunchScreen;
				INFOPLIST_KEY_UIMainStoryboardFile = Main;
				INFOPLIST_KEY_UISupportedInterfaceOrientations_iPad = "UIInterfaceOrientationPortrait UIInterfaceOrientationPortraitUpsideDown UIInterfaceOrientationLandscapeLeft UIInterfaceOrientationLandscapeRight";
				INFOPLIST_KEY_UISupportedInterfaceOrientations_iPhone = "UIInterfaceOrientationPortrait UIInterfaceOrientationLandscapeLeft UIInterfaceOrientationLandscapeRight";
				IPHONEOS_DEPLOYMENT_TARGET = 13.0;
				LD_RUNPATH_SEARCH_PATHS = (
					"$(inherited)",
					"@executable_path/Frameworks",
				);
				MARKETING_VERSION = 1.0;
				PRODUCT_BUNDLE_IDENTIFIER = "com.sai.ZOHO-Notes";
				PRODUCT_NAME = "$(TARGET_NAME)";
				SWIFT_EMIT_LOC_STRINGS = YES;
				SWIFT_VERSION = 5.0;
				TARGETED_DEVICE_FAMILY = "1,2";
			};
			name = Release;
		};
/* End XCBuildConfiguration section */

/* Begin XCConfigurationList section */
		3276BA5B2831814B004D4B93 /* Build configuration list for PBXProject "ZOHO Notes" */ = {
			isa = XCConfigurationList;
			buildConfigurations = (
				3276BA752831814D004D4B93 /* Debug */,
				3276BA762831814D004D4B93 /* Release */,
			);
			defaultConfigurationIsVisible = 0;
			defaultConfigurationName = Release;
		};
		3276BA772831814D004D4B93 /* Build configuration list for PBXNativeTarget "ZOHO Notes" */ = {
			isa = XCConfigurationList;
			buildConfigurations = (
				3276BA782831814D004D4B93 /* Debug */,
				3276BA792831814D004D4B93 /* Release */,
			);
			defaultConfigurationIsVisible = 0;
			defaultConfigurationName = Release;
		};
/* End XCConfigurationList section */

/* Begin XCVersionGroup section */
		3276BA6C2831814B004D4B93 /* ZOHO_Notes.xcdatamodeld */ = {
			isa = XCVersionGroup;
			children = (
				3276BA6D2831814B004D4B93 /* ZOHO_Notes.xcdatamodel */,
			);
			currentVersion = 3276BA6D2831814B004D4B93 /* ZOHO_Notes.xcdatamodel */;
			path = ZOHO_Notes.xcdatamodeld;
			sourceTree = "<group>";
			versionGroupType = wrapper.xcdatamodel;
		};
/* End XCVersionGroup section */
	};
	rootObject = 3276BA582831814B004D4B93 /* Project object */;
}
