PODS:
  - Alamofire (5.6.1)
  - BonsaiController (6.0.0)
  - Fabric (1.10.2)
  - FRHyperLabel (1.0.4)
  - Kingfisher (7.2.2)
  - libwebp (1.2.1):
    - libwebp/demux (= 1.2.1)
    - libwebp/mux (= 1.2.1)
    - libwebp/webp (= 1.2.1)
  - libwebp/demux (1.2.1):
    - libwebp/webp
  - libwebp/mux (1.2.1):
    - libwebp/demux
  - libwebp/webp (1.2.1)
  - PINCache (3.0.3):
    - PINCache/Arc-exception-safe (= 3.0.3)
    - PINCache/Core (= 3.0.3)
  - PINCache/Arc-exception-safe (3.0.3):
    - PINCache/Core
  - PINCache/Core (3.0.3):
    - PINOperation (~> 1.2.1)
  - PINOperation (1.2.1)
  - PINRemoteImage (3.0.3):
    - PINRemoteImage/PINCache (= 3.0.3)
  - PINRemoteImage/Core (3.0.3):
    - PINOperation
  - PINRemoteImage/PINCache (3.0.3):
    - PINCache (~> 3.0.3)
    - PINRemoteImage/Core
  - SDWebImage/Core (5.12.5)
  - SDWebImageWebPCoder (0.8.4):
    - libwebp (~> 1.0)
    - SDWebImage/Core (~> 5.10)
  - SkeletonView (1.29.2)
  - SkyFloatingLabelTextField (4.0.0)
  - SVProgressHUD (2.2.5)
  - SwiftyJSON (5.0.1)
  - TTGSnackbar (1.11.1)

DEPENDENCIES:
  - Alamofire
  - BonsaiController
  - Fabric
  - FRHyperLabel
  - Kingfisher
  - PINRemoteImage (~> 3.0.0-beta)
  - SDWebImageWebPCoder
  - SkeletonView
  - SkyFloatingLabelTextField
  - SVProgressHUD
  - SwiftyJSON
  - TTGSnackbar

SPEC REPOS:
  trunk:
    - Alamofire
    - BonsaiController
    - Fabric
    - FRHyperLabel
    - Kingfisher
    - libwebp
    - PINCache
    - PINOperation
    - PINRemoteImage
    - SDWebImage
    - SDWebImageWebPCoder
    - SkeletonView
    - SkyFloatingLabelTextField
    - SVProgressHUD
    - SwiftyJSON
    - TTGSnackbar

SPEC CHECKSUMS:
  Alamofire: 87bd8c952f9a4454320fce00d9cc3de57bcadaf5
  BonsaiController: 63410fc39bc5b3a9df5b329dbc848b6b27edf663
  Fabric: ea977e3cd9c20425516d3dafd3bf8c941c51223f
  FRHyperLabel: f4a127d5f8ffb211040554615e93f936d5a576a6
  Kingfisher: 184d4d1a8c36666e663caf8e08abe87898595c53
  libwebp: 98a37e597e40bfdb4c911fc98f2c53d0b12d05fc
  PINCache: 7a8fc1a691173d21dbddbf86cd515de6efa55086
  PINOperation: 00c935935f1e8cf0d1e2d6b542e75b88fc3e5e20
  PINRemoteImage: f1295b29f8c5e640e25335a1b2bd9d805171bd01
  SDWebImage: 0905f1b7760fc8ac4198cae0036600d67478751e
  SDWebImageWebPCoder: f93010f3f6c031e2f8fb3081ca4ee6966c539815
  SkeletonView: 915a80ecc2b6421ab7ac0f0212321c0cc1406472
  SkyFloatingLabelTextField: 79ddc40e4ad59707fedbb48d605417aee48bb78a
  SVProgressHUD: 1428aafac632c1f86f62aa4243ec12008d7a51d6
  SwiftyJSON: 2f33a42c6fbc52764d96f13368585094bfd8aa5e
  TTGSnackbar: fea91c62637b5662f808a4c3b55f7631cb7e1ef7

PODFILE CHECKSUM: c628fc49b4da1063ccfce9e6c813bb52b04311b7

COCOAPODS: 1.11.3
